
Microsoft Visual Studio Solution File, Format Version 12.00
# Visual Studio Version 16
VisualStudioVersion = 16.0.30717.126
MinimumVisualStudioVersion = 10.0.40219.1
Project("{FAE04EC0-301F-11D3-BF4B-00C04F79EFBC}") = "SETIP WPF App", "SETIP WPF App\SETIP WPF App.csproj", "{EB5EA436-BACC-4C6B-9BB8-05ED1258B47A}"
EndProject
Global
	GlobalSection(SolutionConfigurationPlatforms) = preSolution
		Debug|Any CPU = Debug|Any CPU
		Release|Any CPU = Release|Any CPU
	EndGlobalSection
	GlobalSection(ProjectConfigurationPlatforms) = postSolution
		{EB5EA436-BACC-4C6B-9BB8-05ED1258B47A}.Debug|Any CPU.ActiveCfg = Debug|Any CPU
		{EB5EA436-BACC-4C6B-9BB8-05ED1258B47A}.Debug|Any CPU.Build.0 = Debug|Any CPU
		{EB5EA436-BACC-4C6B-9BB8-05ED1258B47A}.Release|Any CPU.ActiveCfg = Release|Any CPU
		{EB5EA436-BACC-4C6B-9BB8-05ED1258B47A}.Release|Any CPU.Build.0 = Release|Any CPU
	EndGlobalSection
	GlobalSection(SolutionProperties) = preSolution
		HideSolutionNode = FALSE
	EndGlobalSection
	GlobalSection(ExtensibilityGlobals) = postSolution
		SolutionGuid = {4E22DB65-7275-4C4A-BD2C-167A9BBE8BE6}
	EndGlobalSection
EndGlobal
